# This file is automatically @generated by Cargo.
# It is not intended for manual editing.
version = 4

[[package]]
name = "quill-cli"
version = "0.1.0"
dependencies = [
 "quill-engine",
 "quill-primitives",
]

[[package]]
name = "quill-engine"
version = "0.1.0"
dependencies = [
 "quill-primitives",
]

[[package]]
name = "quill-primitives"
version = "0.1.0"
